
Microsoft Visual Studio Solution File, Format Version 11.00
# Visual Studio 2010
Project("{FAE04EC0-301F-11D3-BF4B-00C04F79EFBC}") = "Platformer Idea", "Assembly-CSharp.csproj", "{27F55657-B129-8E5C-B554-4AC2B6B97A01}"
EndProject
Project("{FAE04EC0-301F-11D3-BF4B-00C04F79EFBC}") = "Platformer Idea", "Assembly-CSharp-Editor.csproj", "{6DB759C1-27BB-F7EF-8FA0-94EB339ABCDF}"
EndProject
Global
	GlobalSection(SolutionConfigurationPlatforms) = preSolution
		Debug|Any CPU = Debug|Any CPU
		Release|Any CPU = Release|Any CPU
	EndGlobalSection
	GlobalSection(ProjectConfigurationPlatforms) = postSolution
		{27F55657-B129-8E5C-B554-4AC2B6B97A01}.Debug|Any CPU.ActiveCfg = Debug|Any CPU
		{27F55657-B129-8E5C-B554-4AC2B6B97A01}.Debug|Any CPU.Build.0 = Debug|Any CPU
		{27F55657-B129-8E5C-B554-4AC2B6B97A01}.Release|Any CPU.ActiveCfg = Release|Any CPU
		{27F55657-B129-8E5C-B554-4AC2B6B97A01}.Release|Any CPU.Build.0 = Release|Any CPU
		{6DB759C1-27BB-F7EF-8FA0-94EB339ABCDF}.Debug|Any CPU.ActiveCfg = Debug|Any CPU
		{6DB759C1-27BB-F7EF-8FA0-94EB339ABCDF}.Debug|Any CPU.Build.0 = Debug|Any CPU
		{6DB759C1-27BB-F7EF-8FA0-94EB339ABCDF}.Release|Any CPU.ActiveCfg = Release|Any CPU
		{6DB759C1-27BB-F7EF-8FA0-94EB339ABCDF}.Release|Any CPU.Build.0 = Release|Any CPU
	EndGlobalSection
	GlobalSection(SolutionProperties) = preSolution
		HideSolutionNode = FALSE
	EndGlobalSection
	GlobalSection(MonoDevelopProperties) = preSolution
		StartupItem = Assembly-CSharp.csproj
	EndGlobalSection
EndGlobal
